<?xml version="1.0" encoding="UTF-8"?>
<!DOCTYPE plist PUBLIC "-//Apple//DTD PLIST 1.0//EN" "http://www.apple.com/DTDs/PropertyList-1.0.dtd">
<plist version="1.0">
<dict>
	<key>archiveVersion</key>
	<string>1</string>
	<key>classes</key>
	<dict/>
	<key>objectVersion</key>
	<string>46</string>
	<key>objects</key>
	<dict>
		<key>1287E2F2D54173DC19F5A236</key>
		<dict>
			<key>fileRef</key>
			<string>C0F394BC591052CDAFA6B86C</string>
			<key>isa</key>
			<string>PBXBuildFile</string>
		</dict>
		<key>1769D59DEC21C107CCE729A0</key>
		<dict>
			<key>children</key>
			<array>
				<string>7DE6DF1B96BC4AD4FB347973</string>
				<string>88E9FEB4221460EFD0803854</string>
			</array>
			<key>isa</key>
			<string>PBXGroup</string>
			<key>name</key>
			<string>Pods</string>
			<key>sourceTree</key>
			<string>&lt;group&gt;</string>
		</dict>
		<key>7DE1EF6A8EF039E15AF73B38</key>
		<dict>
			<key>buildActionMask</key>
			<string>2147483647</string>
			<key>files</key>
			<array/>
			<key>inputPaths</key>
			<array/>
			<key>isa</key>
			<string>PBXShellScriptBuildPhase</string>
			<key>name</key>
			<string>Copy Pods Resources</string>
			<key>outputPaths</key>
			<array/>
			<key>runOnlyForDeploymentPostprocessing</key>
			<string>0</string>
			<key>shellPath</key>
			<string>/bin/sh</string>
			<key>shellScript</key>
			<string>"${SRCROOT}/Pods/Target Support Files/Pods-rfduinoLedButton/Pods-rfduinoLedButton-resources.sh"
</string>
			<key>showEnvVarsInLog</key>
			<string>0</string>
		</dict>
		<key>7DE6DF1B96BC4AD4FB347973</key>
		<dict>
			<key>includeInIndex</key>
			<string>1</string>
			<key>isa</key>
			<string>PBXFileReference</string>
			<key>lastKnownFileType</key>
			<string>text.xcconfig</string>
			<key>name</key>
			<string>Pods-rfduinoLedButton.debug.xcconfig</string>
			<key>path</key>
			<string>Pods/Target Support Files/Pods-rfduinoLedButton/Pods-rfduinoLedButton.debug.xcconfig</string>
			<key>sourceTree</key>
			<string>&lt;group&gt;</string>
		</dict>
		<key>88E9FEB4221460EFD0803854</key>
		<dict>
			<key>includeInIndex</key>
			<string>1</string>
			<key>isa</key>
			<string>PBXFileReference</string>
			<key>lastKnownFileType</key>
			<string>text.xcconfig</string>
			<key>name</key>
			<string>Pods-rfduinoLedButton.release.xcconfig</string>
			<key>path</key>
			<string>Pods/Target Support Files/Pods-rfduinoLedButton/Pods-rfduinoLedButton.release.xcconfig</string>
			<key>sourceTree</key>
			<string>&lt;group&gt;</string>
		</dict>
		<key>AA07EB78176BA47F00AB755D</key>
		<dict>
			<key>fileEncoding</key>
			<string>4</string>
			<key>isa</key>
			<string>PBXFileReference</string>
			<key>lastKnownFileType</key>
			<string>sourcecode.c.h</string>
			<key>path</key>
			<string>CustomCellBackground.h</string>
			<key>sourceTree</key>
			<string>&lt;group&gt;</string>
		</dict>
		<key>AA07EB79176BA47F00AB755D</key>
		<dict>
			<key>fileEncoding</key>
			<string>4</string>
			<key>isa</key>
			<string>PBXFileReference</string>
			<key>lastKnownFileType</key>
			<string>sourcecode.c.objc</string>
			<key>path</key>
			<string>CustomCellBackground.m</string>
			<key>sourceTree</key>
			<string>&lt;group&gt;</string>
		</dict>
		<key>AA07EB7A176BA47F00AB755D</key>
		<dict>
			<key>fileRef</key>
			<string>AA07EB79176BA47F00AB755D</string>
			<key>isa</key>
			<string>PBXBuildFile</string>
		</dict>
		<key>AA4D788F17DFBCF70029ACE0</key>
		<dict>
			<key>isa</key>
			<string>PBXFileReference</string>
			<key>lastKnownFileType</key>
			<string>image.jpeg</string>
			<key>name</key>
			<string>off.jpg</string>
			<key>path</key>
			<string>rfduinoLedButton/off.jpg</string>
			<key>sourceTree</key>
			<string>SOURCE_ROOT</string>
		</dict>
		<key>AA4D789017DFBCF70029ACE0</key>
		<dict>
			<key>isa</key>
			<string>PBXFileReference</string>
			<key>lastKnownFileType</key>
			<string>image.jpeg</string>
			<key>name</key>
			<string>on.jpg</string>
			<key>path</key>
			<string>rfduinoLedButton/on.jpg</string>
			<key>sourceTree</key>
			<string>SOURCE_ROOT</string>
		</dict>
		<key>AA4D789117DFBCF70029ACE0</key>
		<dict>
			<key>fileRef</key>
			<string>AA4D788F17DFBCF70029ACE0</string>
			<key>isa</key>
			<string>PBXBuildFile</string>
		</dict>
		<key>AA4D789217DFBCF70029ACE0</key>
		<dict>
			<key>fileRef</key>
			<string>AA4D789017DFBCF70029ACE0</string>
			<key>isa</key>
			<string>PBXBuildFile</string>
		</dict>
		<key>AA4D789D17E0052C0029ACE0</key>
		<dict>
			<key>isa</key>
			<string>PBXFileReference</string>
			<key>lastKnownFileType</key>
			<string>image.png</string>
			<key>path</key>
			<string>icon-72.png</string>
			<key>sourceTree</key>
			<string>&lt;group&gt;</string>
		</dict>
		<key>AA4D789E17E0052C0029ACE0</key>
		<dict>
			<key>isa</key>
			<string>PBXFileReference</string>
			<key>lastKnownFileType</key>
			<string>image.png</string>
			<key>path</key>
			<string>icon-144.png</string>
			<key>sourceTree</key>
			<string>&lt;group&gt;</string>
		</dict>
		<key>AA4D789F17E0052C0029ACE0</key>
		<dict>
			<key>isa</key>
			<string>PBXFileReference</string>
			<key>lastKnownFileType</key>
			<string>image.png</string>
			<key>path</key>
			<string>icon.png</string>
			<key>sourceTree</key>
			<string>&lt;group&gt;</string>
		</dict>
		<key>AA4D78A017E0052C0029ACE0</key>
		<dict>
			<key>isa</key>
			<string>PBXFileReference</string>
			<key>lastKnownFileType</key>
			<string>image.png</string>
			<key>path</key>
			<string>icon@2x.png</string>
			<key>sourceTree</key>
			<string>&lt;group&gt;</string>
		</dict>
		<key>AA4D78A117E0052C0029ACE0</key>
		<dict>
			<key>fileRef</key>
			<string>AA4D789D17E0052C0029ACE0</string>
			<key>isa</key>
			<string>PBXBuildFile</string>
		</dict>
		<key>AA4D78A217E0052C0029ACE0</key>
		<dict>
			<key>fileRef</key>
			<string>AA4D789E17E0052C0029ACE0</string>
			<key>isa</key>
			<string>PBXBuildFile</string>
		</dict>
		<key>AA4D78A317E0052C0029ACE0</key>
		<dict>
			<key>fileRef</key>
			<string>AA4D789F17E0052C0029ACE0</string>
			<key>isa</key>
			<string>PBXBuildFile</string>
		</dict>
		<key>AA4D78A417E0052C0029ACE0</key>
		<dict>
			<key>fileRef</key>
			<string>AA4D78A017E0052C0029ACE0</string>
			<key>isa</key>
			<string>PBXBuildFile</string>
		</dict>
		<key>AA6DEC4316D561CD00E83C0F</key>
		<dict>
			<key>isa</key>
			<string>PBXFileReference</string>
			<key>lastKnownFileType</key>
			<string>wrapper.framework</string>
			<key>name</key>
			<string>QuartzCore.framework</string>
			<key>path</key>
			<string>System/Library/Frameworks/QuartzCore.framework</string>
			<key>sourceTree</key>
			<string>SDKROOT</string>
		</dict>
		<key>AA6DEC4416D561CD00E83C0F</key>
		<dict>
			<key>fileRef</key>
			<string>AA6DEC4316D561CD00E83C0F</string>
			<key>isa</key>
			<string>PBXBuildFile</string>
		</dict>
		<key>AAC4272716C9D4A500149784</key>
		<dict>
			<key>children</key>
			<array>
				<string>AA4D789D17E0052C0029ACE0</string>
				<string>AA4D789E17E0052C0029ACE0</string>
				<string>AA4D789F17E0052C0029ACE0</string>
				<string>AA4D78A017E0052C0029ACE0</string>
				<string>AA4D789017DFBCF70029ACE0</string>
				<string>AA4D788F17DFBCF70029ACE0</string>
				<string>AAC427B716C9DC9B00149784</string>
				<string>AAC4273C16C9D4A500149784</string>
				<string>AAC4273516C9D4A500149784</string>
				<string>AAC4273316C9D4A500149784</string>
				<string>1769D59DEC21C107CCE729A0</string>
			</array>
			<key>isa</key>
			<string>PBXGroup</string>
			<key>sourceTree</key>
			<string>&lt;group&gt;</string>
		</dict>
		<key>AAC4272916C9D4A500149784</key>
		<dict>
			<key>attributes</key>
			<dict>
				<key>LastUpgradeCheck</key>
				<string>0450</string>
				<key>ORGANIZATIONNAME</key>
				<string>OpenSourceRF</string>
			</dict>
			<key>buildConfigurationList</key>
			<string>AAC4272C16C9D4A500149784</string>
			<key>compatibilityVersion</key>
			<string>Xcode 3.2</string>
			<key>developmentRegion</key>
			<string>English</string>
			<key>hasScannedForEncodings</key>
			<string>0</string>
			<key>isa</key>
			<string>PBXProject</string>
			<key>knownRegions</key>
			<array>
				<string>en</string>
			</array>
			<key>mainGroup</key>
			<string>AAC4272716C9D4A500149784</string>
			<key>productRefGroup</key>
			<string>AAC4273316C9D4A500149784</string>
			<key>projectDirPath</key>
			<string></string>
			<key>projectReferences</key>
			<array/>
			<key>projectRoot</key>
			<string></string>
			<key>targets</key>
			<array>
				<string>AAC4273116C9D4A500149784</string>
			</array>
		</dict>
		<key>AAC4272C16C9D4A500149784</key>
		<dict>
			<key>buildConfigurations</key>
			<array>
				<string>AAC4274E16C9D4A500149784</string>
				<string>AAC4274F16C9D4A500149784</string>
			</array>
			<key>defaultConfigurationIsVisible</key>
			<string>0</string>
			<key>defaultConfigurationName</key>
			<string>Release</string>
			<key>isa</key>
			<string>XCConfigurationList</string>
		</dict>
		<key>AAC4272E16C9D4A500149784</key>
		<dict>
			<key>buildActionMask</key>
			<string>2147483647</string>
			<key>files</key>
			<array>
				<string>AAC4274316C9D4A500149784</string>
				<string>AAC4276416C9D52700149784</string>
				<string>AAC427C216C9DC9B00149784</string>
				<string>AAC427C316C9DC9B00149784</string>
				<string>AAC427C416C9DC9B00149784</string>
				<string>AAC428BB16C9FE1300149784</string>
				<string>AA07EB7A176BA47F00AB755D</string>
			</array>
			<key>isa</key>
			<string>PBXSourcesBuildPhase</string>
			<key>runOnlyForDeploymentPostprocessing</key>
			<string>0</string>
		</dict>
		<key>AAC4272F16C9D4A500149784</key>
		<dict>
			<key>buildActionMask</key>
			<string>2147483647</string>
			<key>files</key>
			<array>
				<string>AA6DEC4416D561CD00E83C0F</string>
				<string>AAC4276716C9D6B200149784</string>
				<string>AAC4273716C9D4A500149784</string>
				<string>AAC4273916C9D4A500149784</string>
				<string>AAC4273B16C9D4A500149784</string>
				<string>1287E2F2D54173DC19F5A236</string>
			</array>
			<key>isa</key>
			<string>PBXFrameworksBuildPhase</string>
			<key>runOnlyForDeploymentPostprocessing</key>
			<string>0</string>
		</dict>
		<key>AAC4273016C9D4A500149784</key>
		<dict>
			<key>buildActionMask</key>
			<string>2147483647</string>
			<key>files</key>
			<array>
				<string>AAC4274116C9D4A500149784</string>
				<string>AAC4274916C9D4A500149784</string>
				<string>AAC4274B16C9D4A500149784</string>
				<string>AAC4274D16C9D4A500149784</string>
				<string>AAC4276516C9D52700149784</string>
				<string>AA4D789117DFBCF70029ACE0</string>
				<string>AA4D789217DFBCF70029ACE0</string>
				<string>AA4D78A117E0052C0029ACE0</string>
				<string>AA4D78A217E0052C0029ACE0</string>
				<string>AA4D78A317E0052C0029ACE0</string>
				<string>AA4D78A417E0052C0029ACE0</string>
			</array>
			<key>isa</key>
			<string>PBXResourcesBuildPhase</string>
			<key>runOnlyForDeploymentPostprocessing</key>
			<string>0</string>
		</dict>
		<key>AAC4273116C9D4A500149784</key>
		<dict>
			<key>buildConfigurationList</key>
			<string>AAC4275016C9D4A500149784</string>
			<key>buildPhases</key>
			<array>
				<string>CAF9DDBDDBCAEF469134F017</string>
				<string>AAC4272E16C9D4A500149784</string>
				<string>AAC4272F16C9D4A500149784</string>
				<string>AAC4273016C9D4A500149784</string>
				<string>7DE1EF6A8EF039E15AF73B38</string>
			</array>
			<key>buildRules</key>
			<array/>
			<key>dependencies</key>
			<array/>
			<key>isa</key>
			<string>PBXNativeTarget</string>
			<key>name</key>
			<string>rfduinoLedButton</string>
			<key>productName</key>
			<string>rfduinoLedButton</string>
			<key>productReference</key>
			<string>AAC4273216C9D4A500149784</string>
			<key>productType</key>
			<string>com.apple.product-type.application</string>
		</dict>
		<key>AAC4273216C9D4A500149784</key>
		<dict>
			<key>explicitFileType</key>
			<string>wrapper.application</string>
			<key>includeInIndex</key>
			<string>0</string>
			<key>isa</key>
			<string>PBXFileReference</string>
			<key>path</key>
			<string>rfduinoLedButton.app</string>
			<key>sourceTree</key>
			<string>BUILT_PRODUCTS_DIR</string>
		</dict>
		<key>AAC4273316C9D4A500149784</key>
		<dict>
			<key>children</key>
			<array>
				<string>AAC4273216C9D4A500149784</string>
			</array>
			<key>isa</key>
			<string>PBXGroup</string>
			<key>name</key>
			<string>Products</string>
			<key>sourceTree</key>
			<string>&lt;group&gt;</string>
		</dict>
		<key>AAC4273516C9D4A500149784</key>
		<dict>
			<key>children</key>
			<array>
				<string>AA6DEC4316D561CD00E83C0F</string>
				<string>AAC4276616C9D6B200149784</string>
				<string>AAC4273616C9D4A500149784</string>
				<string>AAC4273816C9D4A500149784</string>
				<string>AAC4273A16C9D4A500149784</string>
				<string>C0F394BC591052CDAFA6B86C</string>
			</array>
			<key>isa</key>
			<string>PBXGroup</string>
			<key>name</key>
			<string>Frameworks</string>
			<key>sourceTree</key>
			<string>&lt;group&gt;</string>
		</dict>
		<key>AAC4273616C9D4A500149784</key>
		<dict>
			<key>isa</key>
			<string>PBXFileReference</string>
			<key>lastKnownFileType</key>
			<string>wrapper.framework</string>
			<key>name</key>
			<string>UIKit.framework</string>
			<key>path</key>
			<string>System/Library/Frameworks/UIKit.framework</string>
			<key>sourceTree</key>
			<string>SDKROOT</string>
		</dict>
		<key>AAC4273716C9D4A500149784</key>
		<dict>
			<key>fileRef</key>
			<string>AAC4273616C9D4A500149784</string>
			<key>isa</key>
			<string>PBXBuildFile</string>
		</dict>
		<key>AAC4273816C9D4A500149784</key>
		<dict>
			<key>isa</key>
			<string>PBXFileReference</string>
			<key>lastKnownFileType</key>
			<string>wrapper.framework</string>
			<key>name</key>
			<string>Foundation.framework</string>
			<key>path</key>
			<string>System/Library/Frameworks/Foundation.framework</string>
			<key>sourceTree</key>
			<string>SDKROOT</string>
		</dict>
		<key>AAC4273916C9D4A500149784</key>
		<dict>
			<key>fileRef</key>
			<string>AAC4273816C9D4A500149784</string>
			<key>isa</key>
			<string>PBXBuildFile</string>
		</dict>
		<key>AAC4273A16C9D4A500149784</key>
		<dict>
			<key>isa</key>
			<string>PBXFileReference</string>
			<key>lastKnownFileType</key>
			<string>wrapper.framework</string>
			<key>name</key>
			<string>CoreGraphics.framework</string>
			<key>path</key>
			<string>System/Library/Frameworks/CoreGraphics.framework</string>
			<key>sourceTree</key>
			<string>SDKROOT</string>
		</dict>
		<key>AAC4273B16C9D4A500149784</key>
		<dict>
			<key>fileRef</key>
			<string>AAC4273A16C9D4A500149784</string>
			<key>isa</key>
			<string>PBXBuildFile</string>
		</dict>
		<key>AAC4273C16C9D4A500149784</key>
		<dict>
			<key>children</key>
			<array>
				<string>AAC4276116C9D52700149784</string>
				<string>AAC4276216C9D52700149784</string>
				<string>AAC4276316C9D52700149784</string>
				<string>AAC4273D16C9D4A500149784</string>
			</array>
			<key>isa</key>
			<string>PBXGroup</string>
			<key>path</key>
			<string>rfduinoLedButton</string>
			<key>sourceTree</key>
			<string>&lt;group&gt;</string>
		</dict>
		<key>AAC4273D16C9D4A500149784</key>
		<dict>
			<key>children</key>
			<array>
				<string>AAC4273E16C9D4A500149784</string>
				<string>AAC4273F16C9D4A500149784</string>
				<string>AAC4274216C9D4A500149784</string>
				<string>AAC4274416C9D4A500149784</string>
				<string>AAC4274816C9D4A500149784</string>
				<string>AAC4274A16C9D4A500149784</string>
				<string>AAC4274C16C9D4A500149784</string>
			</array>
			<key>isa</key>
			<string>PBXGroup</string>
			<key>name</key>
			<string>Supporting Files</string>
			<key>sourceTree</key>
			<string>&lt;group&gt;</string>
		</dict>
		<key>AAC4273E16C9D4A500149784</key>
		<dict>
			<key>isa</key>
			<string>PBXFileReference</string>
			<key>lastKnownFileType</key>
			<string>text.plist.xml</string>
			<key>path</key>
			<string>rfduinoLedButton-Info.plist</string>
			<key>sourceTree</key>
			<string>&lt;group&gt;</string>
		</dict>
		<key>AAC4273F16C9D4A500149784</key>
		<dict>
			<key>children</key>
			<array>
				<string>AAC4274016C9D4A500149784</string>
			</array>
			<key>isa</key>
			<string>PBXVariantGroup</string>
			<key>name</key>
			<string>InfoPlist.strings</string>
			<key>sourceTree</key>
			<string>&lt;group&gt;</string>
		</dict>
		<key>AAC4274016C9D4A500149784</key>
		<dict>
			<key>isa</key>
			<string>PBXFileReference</string>
			<key>lastKnownFileType</key>
			<string>text.plist.strings</string>
			<key>name</key>
			<string>en</string>
			<key>path</key>
			<string>en.lproj/InfoPlist.strings</string>
			<key>sourceTree</key>
			<string>&lt;group&gt;</string>
		</dict>
		<key>AAC4274116C9D4A500149784</key>
		<dict>
			<key>fileRef</key>
			<string>AAC4273F16C9D4A500149784</string>
			<key>isa</key>
			<string>PBXBuildFile</string>
		</dict>
		<key>AAC4274216C9D4A500149784</key>
		<dict>
			<key>isa</key>
			<string>PBXFileReference</string>
			<key>lastKnownFileType</key>
			<string>sourcecode.c.objc</string>
			<key>path</key>
			<string>main.m</string>
			<key>sourceTree</key>
			<string>&lt;group&gt;</string>
		</dict>
		<key>AAC4274316C9D4A500149784</key>
		<dict>
			<key>fileRef</key>
			<string>AAC4274216C9D4A500149784</string>
			<key>isa</key>
			<string>PBXBuildFile</string>
		</dict>
		<key>AAC4274416C9D4A500149784</key>
		<dict>
			<key>isa</key>
			<string>PBXFileReference</string>
			<key>lastKnownFileType</key>
			<string>sourcecode.c.h</string>
			<key>path</key>
			<string>rfduinoLedButton-Prefix.pch</string>
			<key>sourceTree</key>
			<string>&lt;group&gt;</string>
		</dict>
		<key>AAC4274816C9D4A500149784</key>
		<dict>
			<key>isa</key>
			<string>PBXFileReference</string>
			<key>lastKnownFileType</key>
			<string>image.png</string>
			<key>path</key>
			<string>Default.png</string>
			<key>sourceTree</key>
			<string>&lt;group&gt;</string>
		</dict>
		<key>AAC4274916C9D4A500149784</key>
		<dict>
			<key>fileRef</key>
			<string>AAC4274816C9D4A500149784</string>
			<key>isa</key>
			<string>PBXBuildFile</string>
		</dict>
		<key>AAC4274A16C9D4A500149784</key>
		<dict>
			<key>isa</key>
			<string>PBXFileReference</string>
			<key>lastKnownFileType</key>
			<string>image.png</string>
			<key>path</key>
			<string>Default@2x.png</string>
			<key>sourceTree</key>
			<string>&lt;group&gt;</string>
		</dict>
		<key>AAC4274B16C9D4A500149784</key>
		<dict>
			<key>fileRef</key>
			<string>AAC4274A16C9D4A500149784</string>
			<key>isa</key>
			<string>PBXBuildFile</string>
		</dict>
		<key>AAC4274C16C9D4A500149784</key>
		<dict>
			<key>isa</key>
			<string>PBXFileReference</string>
			<key>lastKnownFileType</key>
			<string>image.png</string>
			<key>path</key>
			<string>Default-568h@2x.png</string>
			<key>sourceTree</key>
			<string>&lt;group&gt;</string>
		</dict>
		<key>AAC4274D16C9D4A500149784</key>
		<dict>
			<key>fileRef</key>
			<string>AAC4274C16C9D4A500149784</string>
			<key>isa</key>
			<string>PBXBuildFile</string>
		</dict>
		<key>AAC4274E16C9D4A500149784</key>
		<dict>
			<key>buildSettings</key>
			<dict>
				<key>ALWAYS_SEARCH_USER_PATHS</key>
				<string>NO</string>
				<key>CLANG_CXX_LANGUAGE_STANDARD</key>
				<string>gnu++0x</string>
				<key>CLANG_CXX_LIBRARY</key>
				<string>libc++</string>
				<key>CLANG_ENABLE_OBJC_ARC</key>
				<string>YES</string>
				<key>CLANG_WARN_EMPTY_BODY</key>
				<string>YES</string>
				<key>CLANG_WARN__DUPLICATE_METHOD_MATCH</key>
				<string>YES</string>
				<key>CODE_SIGN_IDENTITY[sdk=iphoneos*]</key>
				<string>iPhone Developer</string>
				<key>COPY_PHASE_STRIP</key>
				<string>NO</string>
				<key>GCC_C_LANGUAGE_STANDARD</key>
				<string>gnu99</string>
				<key>GCC_DYNAMIC_NO_PIC</key>
				<string>NO</string>
				<key>GCC_OPTIMIZATION_LEVEL</key>
				<string>0</string>
				<key>GCC_PREPROCESSOR_DEFINITIONS</key>
				<array>
					<string>DEBUG=1</string>
					<string>$(inherited)</string>
				</array>
				<key>GCC_SYMBOLS_PRIVATE_EXTERN</key>
				<string>NO</string>
				<key>GCC_WARN_ABOUT_RETURN_TYPE</key>
				<string>YES</string>
				<key>GCC_WARN_UNINITIALIZED_AUTOS</key>
				<string>YES</string>
				<key>GCC_WARN_UNUSED_VARIABLE</key>
				<string>YES</string>
				<key>IPHONEOS_DEPLOYMENT_TARGET</key>
				<string>6.0</string>
				<key>ONLY_ACTIVE_ARCH</key>
				<string>YES</string>
				<key>SDKROOT</key>
				<string>iphoneos</string>
			</dict>
			<key>isa</key>
			<string>XCBuildConfiguration</string>
			<key>name</key>
			<string>Debug</string>
		</dict>
		<key>AAC4274F16C9D4A500149784</key>
		<dict>
			<key>buildSettings</key>
			<dict>
				<key>ALWAYS_SEARCH_USER_PATHS</key>
				<string>NO</string>
				<key>CLANG_CXX_LANGUAGE_STANDARD</key>
				<string>gnu++0x</string>
				<key>CLANG_CXX_LIBRARY</key>
				<string>libc++</string>
				<key>CLANG_ENABLE_OBJC_ARC</key>
				<string>YES</string>
				<key>CLANG_WARN_EMPTY_BODY</key>
				<string>YES</string>
				<key>CLANG_WARN__DUPLICATE_METHOD_MATCH</key>
				<string>YES</string>
				<key>CODE_SIGN_IDENTITY[sdk=iphoneos*]</key>
				<string>iPhone Developer</string>
				<key>COPY_PHASE_STRIP</key>
				<string>YES</string>
				<key>GCC_C_LANGUAGE_STANDARD</key>
				<string>gnu99</string>
				<key>GCC_WARN_ABOUT_RETURN_TYPE</key>
				<string>YES</string>
				<key>GCC_WARN_UNINITIALIZED_AUTOS</key>
				<string>YES</string>
				<key>GCC_WARN_UNUSED_VARIABLE</key>
				<string>YES</string>
				<key>IPHONEOS_DEPLOYMENT_TARGET</key>
				<string>6.0</string>
				<key>OTHER_CFLAGS</key>
				<string>-DNS_BLOCK_ASSERTIONS=1</string>
				<key>SDKROOT</key>
				<string>iphoneos</string>
				<key>VALIDATE_PRODUCT</key>
				<string>YES</string>
			</dict>
			<key>isa</key>
			<string>XCBuildConfiguration</string>
			<key>name</key>
			<string>Release</string>
		</dict>
		<key>AAC4275016C9D4A500149784</key>
		<dict>
			<key>buildConfigurations</key>
			<array>
				<string>AAC4275116C9D4A500149784</string>
				<string>AAC4275216C9D4A500149784</string>
			</array>
			<key>defaultConfigurationIsVisible</key>
			<string>0</string>
			<key>defaultConfigurationName</key>
			<string>Release</string>
			<key>isa</key>
			<string>XCConfigurationList</string>
		</dict>
		<key>AAC4275116C9D4A500149784</key>
		<dict>
			<key>baseConfigurationReference</key>
			<string>7DE6DF1B96BC4AD4FB347973</string>
			<key>buildSettings</key>
			<dict>
				<key>GCC_PRECOMPILE_PREFIX_HEADER</key>
				<string>YES</string>
				<key>GCC_PREFIX_HEADER</key>
				<string>rfduinoLedButton/rfduinoLedButton-Prefix.pch</string>
				<key>INFOPLIST_FILE</key>
				<string>rfduinoLedButton/rfduinoLedButton-Info.plist</string>
				<key>IPHONEOS_DEPLOYMENT_TARGET</key>
				<string>7.1</string>
				<key>PRODUCT_NAME</key>
				<string>$(TARGET_NAME)</string>
				<key>TARGETED_DEVICE_FAMILY</key>
				<string>1,2</string>
				<key>WRAPPER_EXTENSION</key>
				<string>app</string>
			</dict>
			<key>isa</key>
			<string>XCBuildConfiguration</string>
			<key>name</key>
			<string>Debug</string>
		</dict>
		<key>AAC4275216C9D4A500149784</key>
		<dict>
			<key>baseConfigurationReference</key>
			<string>88E9FEB4221460EFD0803854</string>
			<key>buildSettings</key>
			<dict>
				<key>GCC_PRECOMPILE_PREFIX_HEADER</key>
				<string>YES</string>
				<key>GCC_PREFIX_HEADER</key>
				<string>rfduinoLedButton/rfduinoLedButton-Prefix.pch</string>
				<key>INFOPLIST_FILE</key>
				<string>rfduinoLedButton/rfduinoLedButton-Info.plist</string>
				<key>IPHONEOS_DEPLOYMENT_TARGET</key>
				<string>7.1</string>
				<key>PRODUCT_NAME</key>
				<string>$(TARGET_NAME)</string>
				<key>TARGETED_DEVICE_FAMILY</key>
				<string>1,2</string>
				<key>WRAPPER_EXTENSION</key>
				<string>app</string>
			</dict>
			<key>isa</key>
			<string>XCBuildConfiguration</string>
			<key>name</key>
			<string>Release</string>
		</dict>
		<key>AAC4276116C9D52700149784</key>
		<dict>
			<key>fileEncoding</key>
			<string>4</string>
			<key>isa</key>
			<string>PBXFileReference</string>
			<key>lastKnownFileType</key>
			<string>sourcecode.c.h</string>
			<key>path</key>
			<string>AppViewController.h</string>
			<key>sourceTree</key>
			<string>&lt;group&gt;</string>
		</dict>
		<key>AAC4276216C9D52700149784</key>
		<dict>
			<key>fileEncoding</key>
			<string>4</string>
			<key>isa</key>
			<string>PBXFileReference</string>
			<key>lastKnownFileType</key>
			<string>sourcecode.c.objc</string>
			<key>path</key>
			<string>AppViewController.m</string>
			<key>sourceTree</key>
			<string>&lt;group&gt;</string>
		</dict>
		<key>AAC4276316C9D52700149784</key>
		<dict>
			<key>fileEncoding</key>
			<string>4</string>
			<key>isa</key>
			<string>PBXFileReference</string>
			<key>lastKnownFileType</key>
			<string>file.xib</string>
			<key>path</key>
			<string>AppViewController.xib</string>
			<key>sourceTree</key>
			<string>&lt;group&gt;</string>
		</dict>
		<key>AAC4276416C9D52700149784</key>
		<dict>
			<key>fileRef</key>
			<string>AAC4276216C9D52700149784</string>
			<key>isa</key>
			<string>PBXBuildFile</string>
		</dict>
		<key>AAC4276516C9D52700149784</key>
		<dict>
			<key>fileRef</key>
			<string>AAC4276316C9D52700149784</string>
			<key>isa</key>
			<string>PBXBuildFile</string>
		</dict>
		<key>AAC4276616C9D6B200149784</key>
		<dict>
			<key>isa</key>
			<string>PBXFileReference</string>
			<key>lastKnownFileType</key>
			<string>wrapper.framework</string>
			<key>name</key>
			<string>CoreBluetooth.framework</string>
			<key>path</key>
			<string>System/Library/Frameworks/CoreBluetooth.framework</string>
			<key>sourceTree</key>
			<string>SDKROOT</string>
		</dict>
		<key>AAC4276716C9D6B200149784</key>
		<dict>
			<key>fileRef</key>
			<string>AAC4276616C9D6B200149784</string>
			<key>isa</key>
			<string>PBXBuildFile</string>
		</dict>
		<key>AAC427B716C9DC9B00149784</key>
		<dict>
			<key>children</key>
			<array>
				<string>AAC428B916C9FE1300149784</string>
				<string>AAC428BA16C9FE1300149784</string>
				<string>AAC427B916C9DC9B00149784</string>
				<string>AAC427BA16C9DC9B00149784</string>
				<string>AAC427BB16C9DC9B00149784</string>
				<string>AAC427BC16C9DC9B00149784</string>
				<string>AAC427BD16C9DC9B00149784</string>
				<string>AAC427BE16C9DC9B00149784</string>
				<string>AAC427BF16C9DC9B00149784</string>
				<string>AAC427C016C9DC9B00149784</string>
				<string>AA07EB78176BA47F00AB755D</string>
				<string>AA07EB79176BA47F00AB755D</string>
			</array>
			<key>isa</key>
			<string>PBXGroup</string>
			<key>path</key>
			<string>rfduino</string>
			<key>sourceTree</key>
			<string>&lt;group&gt;</string>
		</dict>
		<key>AAC427B916C9DC9B00149784</key>
		<dict>
			<key>fileEncoding</key>
			<string>4</string>
			<key>isa</key>
			<string>PBXFileReference</string>
			<key>lastKnownFileType</key>
			<string>sourcecode.c.h</string>
			<key>path</key>
			<string>RFduino.h</string>
			<key>sourceTree</key>
			<string>&lt;group&gt;</string>
		</dict>
		<key>AAC427BA16C9DC9B00149784</key>
		<dict>
			<key>fileEncoding</key>
			<string>4</string>
			<key>isa</key>
			<string>PBXFileReference</string>
			<key>lastKnownFileType</key>
			<string>sourcecode.c.objc</string>
			<key>path</key>
			<string>RFduino.m</string>
			<key>sourceTree</key>
			<string>&lt;group&gt;</string>
		</dict>
		<key>AAC427BB16C9DC9B00149784</key>
		<dict>
			<key>fileEncoding</key>
			<string>4</string>
			<key>isa</key>
			<string>PBXFileReference</string>
			<key>lastKnownFileType</key>
			<string>sourcecode.c.h</string>
			<key>path</key>
			<string>RFduinoDelegate.h</string>
			<key>sourceTree</key>
			<string>&lt;group&gt;</string>
		</dict>
		<key>AAC427BC16C9DC9B00149784</key>
		<dict>
			<key>fileEncoding</key>
			<string>4</string>
			<key>isa</key>
			<string>PBXFileReference</string>
			<key>lastKnownFileType</key>
			<string>sourcecode.c.h</string>
			<key>path</key>
			<string>RfduinoManager.h</string>
			<key>sourceTree</key>
			<string>&lt;group&gt;</string>
		</dict>
		<key>AAC427BD16C9DC9B00149784</key>
		<dict>
			<key>fileEncoding</key>
			<string>4</string>
			<key>isa</key>
			<string>PBXFileReference</string>
			<key>lastKnownFileType</key>
			<string>sourcecode.c.objc</string>
			<key>path</key>
			<string>RfduinoManager.m</string>
			<key>sourceTree</key>
			<string>&lt;group&gt;</string>
		</dict>
		<key>AAC427BE16C9DC9B00149784</key>
		<dict>
			<key>fileEncoding</key>
			<string>4</string>
			<key>isa</key>
			<string>PBXFileReference</string>
			<key>lastKnownFileType</key>
			<string>sourcecode.c.h</string>
			<key>path</key>
			<string>RFduinoManagerDelegate.h</string>
			<key>sourceTree</key>
			<string>&lt;group&gt;</string>
		</dict>
		<key>AAC427BF16C9DC9B00149784</key>
		<dict>
			<key>fileEncoding</key>
			<string>4</string>
			<key>isa</key>
			<string>PBXFileReference</string>
			<key>lastKnownFileType</key>
			<string>sourcecode.c.h</string>
			<key>path</key>
			<string>ScanViewController.h</string>
			<key>sourceTree</key>
			<string>&lt;group&gt;</string>
		</dict>
		<key>AAC427C016C9DC9B00149784</key>
		<dict>
			<key>fileEncoding</key>
			<string>4</string>
			<key>isa</key>
			<string>PBXFileReference</string>
			<key>lastKnownFileType</key>
			<string>sourcecode.c.objc</string>
			<key>path</key>
			<string>ScanViewController.m</string>
			<key>sourceTree</key>
			<string>&lt;group&gt;</string>
		</dict>
		<key>AAC427C216C9DC9B00149784</key>
		<dict>
			<key>fileRef</key>
			<string>AAC427BA16C9DC9B00149784</string>
			<key>isa</key>
			<string>PBXBuildFile</string>
		</dict>
		<key>AAC427C316C9DC9B00149784</key>
		<dict>
			<key>fileRef</key>
			<string>AAC427BD16C9DC9B00149784</string>
			<key>isa</key>
			<string>PBXBuildFile</string>
		</dict>
		<key>AAC427C416C9DC9B00149784</key>
		<dict>
			<key>fileRef</key>
			<string>AAC427C016C9DC9B00149784</string>
			<key>isa</key>
			<string>PBXBuildFile</string>
		</dict>
		<key>AAC428B916C9FE1300149784</key>
		<dict>
			<key>fileEncoding</key>
			<string>4</string>
			<key>isa</key>
			<string>PBXFileReference</string>
			<key>lastKnownFileType</key>
			<string>sourcecode.c.h</string>
			<key>path</key>
			<string>AppDelegate.h</string>
			<key>sourceTree</key>
			<string>&lt;group&gt;</string>
		</dict>
		<key>AAC428BA16C9FE1300149784</key>
		<dict>
			<key>fileEncoding</key>
			<string>4</string>
			<key>isa</key>
			<string>PBXFileReference</string>
			<key>lastKnownFileType</key>
			<string>sourcecode.c.objc</string>
			<key>path</key>
			<string>AppDelegate.m</string>
			<key>sourceTree</key>
			<string>&lt;group&gt;</string>
		</dict>
		<key>AAC428BB16C9FE1300149784</key>
		<dict>
			<key>fileRef</key>
			<string>AAC428BA16C9FE1300149784</string>
			<key>isa</key>
			<string>PBXBuildFile</string>
		</dict>
		<key>C0F394BC591052CDAFA6B86C</key>
		<dict>
			<key>explicitFileType</key>
			<string>archive.ar</string>
			<key>includeInIndex</key>
			<string>0</string>
			<key>isa</key>
			<string>PBXFileReference</string>
			<key>path</key>
			<string>libPods-rfduinoLedButton.a</string>
			<key>sourceTree</key>
			<string>BUILT_PRODUCTS_DIR</string>
		</dict>
		<key>CAF9DDBDDBCAEF469134F017</key>
		<dict>
			<key>buildActionMask</key>
			<string>2147483647</string>
			<key>files</key>
			<array/>
			<key>inputPaths</key>
			<array/>
			<key>isa</key>
			<string>PBXShellScriptBuildPhase</string>
			<key>name</key>
			<string>Check Pods Manifest.lock</string>
			<key>outputPaths</key>
			<array/>
			<key>runOnlyForDeploymentPostprocessing</key>
			<string>0</string>
			<key>shellPath</key>
			<string>/bin/sh</string>
			<key>shellScript</key>
			<string>diff "${PODS_ROOT}/../Podfile.lock" "${PODS_ROOT}/Manifest.lock" &gt; /dev/null
if [[ $? != 0 ]] ; then
    cat &lt;&lt; EOM
error: The sandbox is not in sync with the Podfile.lock. Run 'pod install' or update your CocoaPods installation.
EOM
    exit 1
fi
</string>
			<key>showEnvVarsInLog</key>
			<string>0</string>
		</dict>
	</dict>
	<key>rootObject</key>
	<string>AAC4272916C9D4A500149784</string>
</dict>
</plist>
